
Microsoft Visual Studio Solution File, Format Version 12.00
Project("{FAE04EC0-301F-11D3-BF4B-00C04F79EFBC}") = "CodingDojo1", "CodingDojo1\CodingDojo1.csproj", "{87A44F12-71A1-4908-B65D-3D4FEE044D86}"
EndProject
Project("{FAE04EC0-301F-11D3-BF4B-00C04F79EFBC}") = "CodingDojo2", "CodingDojo2\CodingDojo2.csproj", "{C7A68AC6-50EA-486C-A83F-80A26FA43689}"
EndProject
Project("{FAE04EC0-301F-11D3-BF4B-00C04F79EFBC}") = "CodingDojo3", "CodingDojo3\CodingDojo3.csproj", "{304E4073-AB80-41FE-8279-B8F4FEAE5217}"
EndProject
Project("{FAE04EC0-301F-11D3-BF4B-00C04F79EFBC}") = "CodingDojo5", "CodingDojo5\CodingDojo5.csproj", "{5AF7E261-F71D-4925-8EDA-A38C78672A90}"
EndProject
Project("{FAE04EC0-301F-11D3-BF4B-00C04F79EFBC}") = "CodingDojo5Tests", "CodingDojo5Tests\CodingDojo5Tests.csproj", "{1945252C-7FCA-419B-B416-2313FC807416}"
EndProject
Project("{FAE04EC0-301F-11D3-BF4B-00C04F79EFBC}") = "CodingDojo6", "CodingDojo6\CodingDojo6.csproj", "{1A2467A2-BE9E-4B9B-9AD8-0B44E7DC5A8F}"
EndProject
Project("{FAE04EC0-301F-11D3-BF4B-00C04F79EFBC}") = "CodingDojo6Tests", "CodingDojo6Tests\CodingDojo6Tests.csproj", "{C992B5F0-4449-4CAE-A72E-AECAD77BD8C8}"
EndProject
Project("{FAE04EC0-301F-11D3-BF4B-00C04F79EFBC}") = "CodingDojo7", "CodingDojo7\CodingDojo7.csproj", "{8135C056-FDDC-44B6-A966-78452B2C3BC0}"
EndProject
Project("{FAE04EC0-301F-11D3-BF4B-00C04F79EFBC}") = "CodingDojo7Tests", "CodingDojo7Tests\CodingDojo7Tests.csproj", "{F0C9FFB4-A1E1-4CD1-8CBD-36AEB1175866}"
EndProject
Project("{FAE04EC0-301F-11D3-BF4B-00C04F79EFBC}") = "CodingDojo8", "CodingDojo8\CodingDojo8.csproj", "{35E1A23F-4C57-46F0-A3E6-3C432B4737F0}"
EndProject
Project("{FAE04EC0-301F-11D3-BF4B-00C04F79EFBC}") = "CodingDojo8Tests", "CodingDojo8Tests\CodingDojo8Tests.csproj", "{3D5AE55A-D656-4A34-8ADB-701C6713A255}"
EndProject
Project("{FAE04EC0-301F-11D3-BF4B-00C04F79EFBC}") = "CodingDojo9", "CodingDojo9\CodingDojo9.csproj", "{C791AC5F-B3AD-4F1A-97B9-7F212C99B34B}"
EndProject
Project("{FAE04EC0-301F-11D3-BF4B-00C04F79EFBC}") = "CodingDojo9Tests", "CodingDojo9Tests\CodingDojo9Tests.csproj", "{6D2A6886-5BA0-4236-AC3D-5E05AC4AB93B}"
EndProject
Project("{FAE04EC0-301F-11D3-BF4B-00C04F79EFBC}") = "CodingDojo12", "CodingDojo12\CodingDojo12.csproj", "{D7849A58-E9B8-43B5-ABB7-10EFD67EF3E8}"
EndProject
Global
	GlobalSection(SolutionConfigurationPlatforms) = preSolution
		Debug|Any CPU = Debug|Any CPU
		Release|Any CPU = Release|Any CPU
	EndGlobalSection
	GlobalSection(ProjectConfigurationPlatforms) = postSolution
		{87A44F12-71A1-4908-B65D-3D4FEE044D86}.Debug|Any CPU.ActiveCfg = Debug|Any CPU
		{87A44F12-71A1-4908-B65D-3D4FEE044D86}.Debug|Any CPU.Build.0 = Debug|Any CPU
		{87A44F12-71A1-4908-B65D-3D4FEE044D86}.Release|Any CPU.ActiveCfg = Release|Any CPU
		{87A44F12-71A1-4908-B65D-3D4FEE044D86}.Release|Any CPU.Build.0 = Release|Any CPU
		{C7A68AC6-50EA-486C-A83F-80A26FA43689}.Debug|Any CPU.ActiveCfg = Debug|Any CPU
		{C7A68AC6-50EA-486C-A83F-80A26FA43689}.Debug|Any CPU.Build.0 = Debug|Any CPU
		{C7A68AC6-50EA-486C-A83F-80A26FA43689}.Release|Any CPU.ActiveCfg = Release|Any CPU
		{C7A68AC6-50EA-486C-A83F-80A26FA43689}.Release|Any CPU.Build.0 = Release|Any CPU
		{304E4073-AB80-41FE-8279-B8F4FEAE5217}.Debug|Any CPU.ActiveCfg = Debug|Any CPU
		{304E4073-AB80-41FE-8279-B8F4FEAE5217}.Debug|Any CPU.Build.0 = Debug|Any CPU
		{304E4073-AB80-41FE-8279-B8F4FEAE5217}.Release|Any CPU.ActiveCfg = Release|Any CPU
		{304E4073-AB80-41FE-8279-B8F4FEAE5217}.Release|Any CPU.Build.0 = Release|Any CPU
		{5AF7E261-F71D-4925-8EDA-A38C78672A90}.Debug|Any CPU.ActiveCfg = Debug|Any CPU
		{5AF7E261-F71D-4925-8EDA-A38C78672A90}.Debug|Any CPU.Build.0 = Debug|Any CPU
		{5AF7E261-F71D-4925-8EDA-A38C78672A90}.Release|Any CPU.ActiveCfg = Release|Any CPU
		{5AF7E261-F71D-4925-8EDA-A38C78672A90}.Release|Any CPU.Build.0 = Release|Any CPU
		{1945252C-7FCA-419B-B416-2313FC807416}.Debug|Any CPU.ActiveCfg = Debug|Any CPU
		{1945252C-7FCA-419B-B416-2313FC807416}.Debug|Any CPU.Build.0 = Debug|Any CPU
		{1945252C-7FCA-419B-B416-2313FC807416}.Release|Any CPU.ActiveCfg = Release|Any CPU
		{1945252C-7FCA-419B-B416-2313FC807416}.Release|Any CPU.Build.0 = Release|Any CPU
		{1A2467A2-BE9E-4B9B-9AD8-0B44E7DC5A8F}.Debug|Any CPU.ActiveCfg = Debug|Any CPU
		{1A2467A2-BE9E-4B9B-9AD8-0B44E7DC5A8F}.Debug|Any CPU.Build.0 = Debug|Any CPU
		{1A2467A2-BE9E-4B9B-9AD8-0B44E7DC5A8F}.Release|Any CPU.ActiveCfg = Release|Any CPU
		{1A2467A2-BE9E-4B9B-9AD8-0B44E7DC5A8F}.Release|Any CPU.Build.0 = Release|Any CPU
		{C992B5F0-4449-4CAE-A72E-AECAD77BD8C8}.Debug|Any CPU.ActiveCfg = Debug|Any CPU
		{C992B5F0-4449-4CAE-A72E-AECAD77BD8C8}.Debug|Any CPU.Build.0 = Debug|Any CPU
		{C992B5F0-4449-4CAE-A72E-AECAD77BD8C8}.Release|Any CPU.ActiveCfg = Release|Any CPU
		{C992B5F0-4449-4CAE-A72E-AECAD77BD8C8}.Release|Any CPU.Build.0 = Release|Any CPU
		{8135C056-FDDC-44B6-A966-78452B2C3BC0}.Debug|Any CPU.ActiveCfg = Debug|Any CPU
		{8135C056-FDDC-44B6-A966-78452B2C3BC0}.Debug|Any CPU.Build.0 = Debug|Any CPU
		{8135C056-FDDC-44B6-A966-78452B2C3BC0}.Release|Any CPU.ActiveCfg = Release|Any CPU
		{8135C056-FDDC-44B6-A966-78452B2C3BC0}.Release|Any CPU.Build.0 = Release|Any CPU
		{F0C9FFB4-A1E1-4CD1-8CBD-36AEB1175866}.Debug|Any CPU.ActiveCfg = Debug|Any CPU
		{F0C9FFB4-A1E1-4CD1-8CBD-36AEB1175866}.Debug|Any CPU.Build.0 = Debug|Any CPU
		{F0C9FFB4-A1E1-4CD1-8CBD-36AEB1175866}.Release|Any CPU.ActiveCfg = Release|Any CPU
		{F0C9FFB4-A1E1-4CD1-8CBD-36AEB1175866}.Release|Any CPU.Build.0 = Release|Any CPU
		{35E1A23F-4C57-46F0-A3E6-3C432B4737F0}.Debug|Any CPU.ActiveCfg = Debug|Any CPU
		{35E1A23F-4C57-46F0-A3E6-3C432B4737F0}.Debug|Any CPU.Build.0 = Debug|Any CPU
		{35E1A23F-4C57-46F0-A3E6-3C432B4737F0}.Release|Any CPU.ActiveCfg = Release|Any CPU
		{35E1A23F-4C57-46F0-A3E6-3C432B4737F0}.Release|Any CPU.Build.0 = Release|Any CPU
		{3D5AE55A-D656-4A34-8ADB-701C6713A255}.Debug|Any CPU.ActiveCfg = Debug|Any CPU
		{3D5AE55A-D656-4A34-8ADB-701C6713A255}.Debug|Any CPU.Build.0 = Debug|Any CPU
		{3D5AE55A-D656-4A34-8ADB-701C6713A255}.Release|Any CPU.ActiveCfg = Release|Any CPU
		{3D5AE55A-D656-4A34-8ADB-701C6713A255}.Release|Any CPU.Build.0 = Release|Any CPU
		{C791AC5F-B3AD-4F1A-97B9-7F212C99B34B}.Debug|Any CPU.ActiveCfg = Debug|Any CPU
		{C791AC5F-B3AD-4F1A-97B9-7F212C99B34B}.Debug|Any CPU.Build.0 = Debug|Any CPU
		{C791AC5F-B3AD-4F1A-97B9-7F212C99B34B}.Release|Any CPU.ActiveCfg = Release|Any CPU
		{C791AC5F-B3AD-4F1A-97B9-7F212C99B34B}.Release|Any CPU.Build.0 = Release|Any CPU
		{6D2A6886-5BA0-4236-AC3D-5E05AC4AB93B}.Debug|Any CPU.ActiveCfg = Debug|Any CPU
		{6D2A6886-5BA0-4236-AC3D-5E05AC4AB93B}.Debug|Any CPU.Build.0 = Debug|Any CPU
		{6D2A6886-5BA0-4236-AC3D-5E05AC4AB93B}.Release|Any CPU.ActiveCfg = Release|Any CPU
		{6D2A6886-5BA0-4236-AC3D-5E05AC4AB93B}.Release|Any CPU.Build.0 = Release|Any CPU
		{D7849A58-E9B8-43B5-ABB7-10EFD67EF3E8}.Debug|Any CPU.ActiveCfg = Debug|Any CPU
		{D7849A58-E9B8-43B5-ABB7-10EFD67EF3E8}.Debug|Any CPU.Build.0 = Debug|Any CPU
		{D7849A58-E9B8-43B5-ABB7-10EFD67EF3E8}.Release|Any CPU.ActiveCfg = Release|Any CPU
		{D7849A58-E9B8-43B5-ABB7-10EFD67EF3E8}.Release|Any CPU.Build.0 = Release|Any CPU
	EndGlobalSection
EndGlobal
